
Microsoft Visual Studio Solution File, Format Version 12.00
# Visual Studio Version 17
VisualStudioVersion = 17.14.36221.1
MinimumVisualStudioVersion = 10.0.40219.1
Project("{FAE04EC0-301F-11D3-BF4B-00C04F79EFBC}") = "MagicVilla_VillaAPI", "MagicVilla_VillaAPI\MagicVilla_VillaAPI.csproj", "{3DF8D67E-7EB9-42D4-A48F-AF24672FDF42}"
EndProject
Project("{FAE04EC0-301F-11D3-BF4B-00C04F79EFBC}") = "MagicVilla_Web", "MagicVilla_Web\MagicVilla_Web.csproj", "{0B830EED-1776-4DC0-BCA3-8D72B4F720E9}"
EndProject
Project("{FAE04EC0-301F-11D3-BF4B-00C04F79EFBC}") = "MagicVilla_Utility", "MagicVilla_Utility\MagicVilla_Utility.csproj", "{93665406-A77E-4D72-923B-69085791EE8D}"
EndProject
Global
	GlobalSection(SolutionConfigurationPlatforms) = preSolution
		Debug|Any CPU = Debug|Any CPU
		Release|Any CPU = Release|Any CPU
	EndGlobalSection
	GlobalSection(ProjectConfigurationPlatforms) = postSolution
		{3DF8D67E-7EB9-42D4-A48F-AF24672FDF42}.Debug|Any CPU.ActiveCfg = Debug|Any CPU
		{3DF8D67E-7EB9-42D4-A48F-AF24672FDF42}.Debug|Any CPU.Build.0 = Debug|Any CPU
		{3DF8D67E-7EB9-42D4-A48F-AF24672FDF42}.Release|Any CPU.ActiveCfg = Release|Any CPU
		{3DF8D67E-7EB9-42D4-A48F-AF24672FDF42}.Release|Any CPU.Build.0 = Release|Any CPU
		{0B830EED-1776-4DC0-BCA3-8D72B4F720E9}.Debug|Any CPU.ActiveCfg = Debug|Any CPU
		{0B830EED-1776-4DC0-BCA3-8D72B4F720E9}.Debug|Any CPU.Build.0 = Debug|Any CPU
		{0B830EED-1776-4DC0-BCA3-8D72B4F720E9}.Release|Any CPU.ActiveCfg = Release|Any CPU
		{0B830EED-1776-4DC0-BCA3-8D72B4F720E9}.Release|Any CPU.Build.0 = Release|Any CPU
		{93665406-A77E-4D72-923B-69085791EE8D}.Debug|Any CPU.ActiveCfg = Debug|Any CPU
		{93665406-A77E-4D72-923B-69085791EE8D}.Debug|Any CPU.Build.0 = Debug|Any CPU
		{93665406-A77E-4D72-923B-69085791EE8D}.Release|Any CPU.ActiveCfg = Release|Any CPU
		{93665406-A77E-4D72-923B-69085791EE8D}.Release|Any CPU.Build.0 = Release|Any CPU
	EndGlobalSection
	GlobalSection(SolutionProperties) = preSolution
		HideSolutionNode = FALSE
	EndGlobalSection
	GlobalSection(ExtensibilityGlobals) = postSolution
		SolutionGuid = {9708206D-5D59-4E11-9138-807904DAD546}
	EndGlobalSection
EndGlobal
